{
  "object": {
    "pins": [
      {
        "package": "RevenueCat",
        "repositoryURL": "https://github.com/RevenueCat/purchases-ios.git",
        "state": {
          "branch": null,
          "revision": "3ccdb345ae25f02859a71995e9243077ebd0d944",
          "version": "4.0.0-beta.1"
        }
      }
    ]
  },
  "version": 1
}
